
Microsoft Visual Studio Solution File, Format Version 12.00
# Visual Studio Version 17
VisualStudioVersion = 17.4.33213.308
MinimumVisualStudioVersion = 10.0.40219.1
Project("{FAE04EC0-301F-11D3-BF4B-00C04F79EFBC}") = "BindCheckBoxAndRadioButton.Server", "Server\BindCheckBoxAndRadioButton.Server.csproj", "{99F9BEC6-A498-4302-9F96-E709C573CBB1}"
EndProject
Project("{FAE04EC0-301F-11D3-BF4B-00C04F79EFBC}") = "BindCheckBoxAndRadioButton.Client", "Client\BindCheckBoxAndRadioButton.Client.csproj", "{104007AA-D083-4870-9A0C-5D089F8367E2}"
EndProject
Project("{FAE04EC0-301F-11D3-BF4B-00C04F79EFBC}") = "BindCheckBoxAndRadioButton.Shared", "Shared\BindCheckBoxAndRadioButton.Shared.csproj", "{1E53D5B9-05DE-467E-A07C-8B04E0D6C57D}"
EndProject
Global
	GlobalSection(SolutionConfigurationPlatforms) = preSolution
		Debug|Any CPU = Debug|Any CPU
		Release|Any CPU = Release|Any CPU
	EndGlobalSection
	GlobalSection(ProjectConfigurationPlatforms) = postSolution
		{99F9BEC6-A498-4302-9F96-E709C573CBB1}.Debug|Any CPU.ActiveCfg = Debug|Any CPU
		{99F9BEC6-A498-4302-9F96-E709C573CBB1}.Debug|Any CPU.Build.0 = Debug|Any CPU
		{99F9BEC6-A498-4302-9F96-E709C573CBB1}.Release|Any CPU.ActiveCfg = Release|Any CPU
		{99F9BEC6-A498-4302-9F96-E709C573CBB1}.Release|Any CPU.Build.0 = Release|Any CPU
		{104007AA-D083-4870-9A0C-5D089F8367E2}.Debug|Any CPU.ActiveCfg = Debug|Any CPU
		{104007AA-D083-4870-9A0C-5D089F8367E2}.Debug|Any CPU.Build.0 = Debug|Any CPU
		{104007AA-D083-4870-9A0C-5D089F8367E2}.Release|Any CPU.ActiveCfg = Release|Any CPU
		{104007AA-D083-4870-9A0C-5D089F8367E2}.Release|Any CPU.Build.0 = Release|Any CPU
		{1E53D5B9-05DE-467E-A07C-8B04E0D6C57D}.Debug|Any CPU.ActiveCfg = Debug|Any CPU
		{1E53D5B9-05DE-467E-A07C-8B04E0D6C57D}.Debug|Any CPU.Build.0 = Debug|Any CPU
		{1E53D5B9-05DE-467E-A07C-8B04E0D6C57D}.Release|Any CPU.ActiveCfg = Release|Any CPU
		{1E53D5B9-05DE-467E-A07C-8B04E0D6C57D}.Release|Any CPU.Build.0 = Release|Any CPU
	EndGlobalSection
	GlobalSection(SolutionProperties) = preSolution
		HideSolutionNode = FALSE
	EndGlobalSection
	GlobalSection(ExtensibilityGlobals) = postSolution
		SolutionGuid = {59A19477-273C-4120-A916-353D41D9629C}
	EndGlobalSection
EndGlobal
